// !$*UTF8*$!
{
	archiveVersion = 1;
	classes = {
	};
	objectVersion = 77;
	objects = {

/* Begin PBXBuildFile section */
		2328409A891FB8FCB289966B /* Pods_PokemonApps.framework in Frameworks */ = {isa = PBXBuildFile; fileRef = D613B4C960A5FDC15E03158F /* Pods_PokemonApps.framework */; };
		7D2E82BD2E41E1130096070B /* RegisterVc.swift in Sources */ = {isa = PBXBuildFile; fileRef = 7D2E82BB2E41E1130096070B /* RegisterVc.swift */; };
		7D2E82BE2E41E1130096070B /* RegisterVc.xib in Resources */ = {isa = PBXBuildFile; fileRef = 7D2E82BC2E41E1130096070B /* RegisterVc.xib */; };
		7D2E82C12E41E3D80096070B /* TabbarVc.xib in Resources */ = {isa = PBXBuildFile; fileRef = 7D2E82C02E41E3D80096070B /* TabbarVc.xib */; };
		7D2E82C22E41E3D80096070B /* TabbarVc.swift in Sources */ = {isa = PBXBuildFile; fileRef = 7D2E82BF2E41E3D80096070B /* TabbarVc.swift */; };
		7D31F2072E408F89007D4155 /* AuthPageViewController.swift in Sources */ = {isa = PBXBuildFile; fileRef = 7D31F1F72E408F89007D4155 /* AuthPageViewController.swift */; };
		7D31F2092E408F89007D4155 /* AuthPageViewController.xib in Resources */ = {isa = PBXBuildFile; fileRef = 7D31F1F82E408F89007D4155 /* AuthPageViewController.xib */; };
/* End PBXBuildFile section */

/* Begin PBXFileReference section */
		0C3770030DBFF11083E66B25 /* Pods-PokemonApps.debug.xcconfig */ = {isa = PBXFileReference; includeInIndex = 1; lastKnownFileType = text.xcconfig; name = "Pods-PokemonApps.debug.xcconfig"; path = "Target Support Files/Pods-PokemonApps/Pods-PokemonApps.debug.xcconfig"; sourceTree = "<group>"; };
		7D2E82BB2E41E1130096070B /* RegisterVc.swift */ = {isa = PBXFileReference; lastKnownFileType = sourcecode.swift; path = RegisterVc.swift; sourceTree = "<group>"; };
		7D2E82BC2E41E1130096070B /* RegisterVc.xib */ = {isa = PBXFileReference; lastKnownFileType = file.xib; path = RegisterVc.xib; sourceTree = "<group>"; };
		7D2E82BF2E41E3D80096070B /* TabbarVc.swift */ = {isa = PBXFileReference; lastKnownFileType = sourcecode.swift; path = TabbarVc.swift; sourceTree = "<group>"; };
		7D2E82C02E41E3D80096070B /* TabbarVc.xib */ = {isa = PBXFileReference; lastKnownFileType = file.xib; path = TabbarVc.xib; sourceTree = "<group>"; };
		7D31F1B12E4089C5007D4155 /* PokemonApps.app */ = {isa = PBXFileReference; explicitFileType = wrapper.application; includeInIndex = 0; path = PokemonApps.app; sourceTree = BUILT_PRODUCTS_DIR; };
		7D31F1F72E408F89007D4155 /* AuthPageViewController.swift */ = {isa = PBXFileReference; lastKnownFileType = sourcecode.swift; path = AuthPageViewController.swift; sourceTree = "<group>"; };
		7D31F1F82E408F89007D4155 /* AuthPageViewController.xib */ = {isa = PBXFileReference; lastKnownFileType = file.xib; path = AuthPageViewController.xib; sourceTree = "<group>"; };
		D613B4C960A5FDC15E03158F /* Pods_PokemonApps.framework */ = {isa = PBXFileReference; explicitFileType = wrapper.framework; includeInIndex = 0; path = Pods_PokemonApps.framework; sourceTree = BUILT_PRODUCTS_DIR; };
		E3C7D2044C9F955E87031EDA /* Pods-PokemonApps.release.xcconfig */ = {isa = PBXFileReference; includeInIndex = 1; lastKnownFileType = text.xcconfig; name = "Pods-PokemonApps.release.xcconfig"; path = "Target Support Files/Pods-PokemonApps/Pods-PokemonApps.release.xcconfig"; sourceTree = "<group>"; };
/* End PBXFileReference section */

/* Begin PBXFileSystemSynchronizedBuildFileExceptionSet section */
		7D31F20C2E408F89007D4155 /* Exceptions for "PokemonApps" folder in "PokemonApps" target */ = {
			isa = PBXFileSystemSynchronizedBuildFileExceptionSet;
			membershipExceptions = (
				Info.plist,
			);
			target = 7D31F1B02E4089C5007D4155 /* PokemonApps */;
		};
/* End PBXFileSystemSynchronizedBuildFileExceptionSet section */

/* Begin PBXFileSystemSynchronizedRootGroup section */
		7D31F2032E408F89007D4155 /* PokemonApps */ = {
			isa = PBXFileSystemSynchronizedRootGroup;
			exceptions = (
				7D31F20C2E408F89007D4155 /* Exceptions for "PokemonApps" folder in "PokemonApps" target */,
			);
			path = PokemonApps;
			sourceTree = "<group>";
		};
/* End PBXFileSystemSynchronizedRootGroup section */

/* Begin PBXFrameworksBuildPhase section */
		7D31F1AE2E4089C5007D4155 /* Frameworks */ = {
			isa = PBXFrameworksBuildPhase;
			buildActionMask = 2147483647;
			files = (
				2328409A891FB8FCB289966B /* Pods_PokemonApps.framework in Frameworks */,
			);
			runOnlyForDeploymentPostprocessing = 0;
		};
/* End PBXFrameworksBuildPhase section */

/* Begin PBXGroup section */
		576BEA257C8F26AA8A8EE17A /* Frameworks */ = {
			isa = PBXGroup;
			children = (
				D613B4C960A5FDC15E03158F /* Pods_PokemonApps.framework */,
			);
			name = Frameworks;
			sourceTree = "<group>";
		};
		7D2E82BA2E41E0D80096070B /* RegisterViewController */ = {
			isa = PBXGroup;
			children = (
				7D2E82BB2E41E1130096070B /* RegisterVc.swift */,
				7D2E82BC2E41E1130096070B /* RegisterVc.xib */,
			);
			path = RegisterViewController;
			sourceTree = "<group>";
		};
		7D31F1A82E4089C5007D4155 = {
			isa = PBXGroup;
			children = (
				7D31F20E2E408FA2007D4155 /* AuthPage */,
				7D31F2032E408F89007D4155 /* PokemonApps */,
				7D31F1B22E4089C5007D4155 /* Products */,
				9A1C91725BD7F0D52A1AD203 /* Pods */,
				576BEA257C8F26AA8A8EE17A /* Frameworks */,
			);
			sourceTree = "<group>";
		};
		7D31F1B22E4089C5007D4155 /* Products */ = {
			isa = PBXGroup;
			children = (
				7D31F1B12E4089C5007D4155 /* PokemonApps.app */,
			);
			name = Products;
			sourceTree = "<group>";
		};
		7D31F20E2E408FA2007D4155 /* AuthPage */ = {
			isa = PBXGroup;
			children = (
				7D2E82BA2E41E0D80096070B /* RegisterViewController */,
				7D31F1F72E408F89007D4155 /* AuthPageViewController.swift */,
				7D31F1F82E408F89007D4155 /* AuthPageViewController.xib */,
				7D2E82BF2E41E3D80096070B /* TabbarVc.swift */,
				7D2E82C02E41E3D80096070B /* TabbarVc.xib */,
			);
			path = AuthPage;
			sourceTree = "<group>";
		};
		9A1C91725BD7F0D52A1AD203 /* Pods */ = {
			isa = PBXGroup;
			children = (
				0C3770030DBFF11083E66B25 /* Pods-PokemonApps.debug.xcconfig */,
				E3C7D2044C9F955E87031EDA /* Pods-PokemonApps.release.xcconfig */,
			);
			path = Pods;
			sourceTree = "<group>";
		};
/* End PBXGroup section */

/* Begin PBXNativeTarget section */
		7D31F1B02E4089C5007D4155 /* PokemonApps */ = {
			isa = PBXNativeTarget;
			buildConfigurationList = 7D31F1C42E4089CA007D4155 /* Build configuration list for PBXNativeTarget "PokemonApps" */;
			buildPhases = (
				C8B3A827C9A991B8E074E5FA /* [CP] Check Pods Manifest.lock */,
				7D31F1AD2E4089C5007D4155 /* Sources */,
				7D31F1AE2E4089C5007D4155 /* Frameworks */,
				7D31F1AF2E4089C5007D4155 /* Resources */,
				023DB0D01093CDF96767235F /* [CP] Embed Pods Frameworks */,
			);
			buildRules = (
			);
			dependencies = (
			);
			fileSystemSynchronizedGroups = (
				7D31F2032E408F89007D4155 /* PokemonApps */,
			);
			name = PokemonApps;
			productName = PokemonApps;
			productReference = 7D31F1B12E4089C5007D4155 /* PokemonApps.app */;
			productType = "com.apple.product-type.application";
		};
/* End PBXNativeTarget section */

/* Begin PBXProject section */
		7D31F1A92E4089C5007D4155 /* Project object */ = {
			isa = PBXProject;
			attributes = {
				BuildIndependentTargetsInParallel = 1;
				LastSwiftUpdateCheck = 1620;
				LastUpgradeCheck = 1620;
				TargetAttributes = {
					7D31F1B02E4089C5007D4155 = {
						CreatedOnToolsVersion = 16.2;
					};
				};
			};
			buildConfigurationList = 7D31F1AC2E4089C5007D4155 /* Build configuration list for PBXProject "PokemonApps" */;
			developmentRegion = en;
			hasScannedForEncodings = 0;
			knownRegions = (
				en,
				Base,
			);
			mainGroup = 7D31F1A82E4089C5007D4155;
			minimizedProjectReferenceProxies = 1;
			preferredProjectObjectVersion = 77;
			productRefGroup = 7D31F1B22E4089C5007D4155 /* Products */;
			projectDirPath = "";
			projectRoot = "";
			targets = (
				7D31F1B02E4089C5007D4155 /* PokemonApps */,
			);
		};
/* End PBXProject section */

/* Begin PBXResourcesBuildPhase section */
		7D31F1AF2E4089C5007D4155 /* Resources */ = {
			isa = PBXResourcesBuildPhase;
			buildActionMask = 2147483647;
			files = (
				7D2E82C12E41E3D80096070B /* TabbarVc.xib in Resources */,
				7D31F2092E408F89007D4155 /* AuthPageViewController.xib in Resources */,
				7D2E82BE2E41E1130096070B /* RegisterVc.xib in Resources */,
			);
			runOnlyForDeploymentPostprocessing = 0;
		};
/* End PBXResourcesBuildPhase section */

/* Begin PBXShellScriptBuildPhase section */
		023DB0D01093CDF96767235F /* [CP] Embed Pods Frameworks */ = {
			isa = PBXShellScriptBuildPhase;
			buildActionMask = 2147483647;
			files = (
			);
			inputFileListPaths = (
				"${PODS_ROOT}/Target Support Files/Pods-PokemonApps/Pods-PokemonApps-frameworks-${CONFIGURATION}-input-files.xcfilelist",
			);
			name = "[CP] Embed Pods Frameworks";
			outputFileListPaths = (
				"${PODS_ROOT}/Target Support Files/Pods-PokemonApps/Pods-PokemonApps-frameworks-${CONFIGURATION}-output-files.xcfilelist",
			);
			runOnlyForDeploymentPostprocessing = 0;
			shellPath = /bin/sh;
			shellScript = "\"${PODS_ROOT}/Target Support Files/Pods-PokemonApps/Pods-PokemonApps-frameworks.sh\"\n";
			showEnvVarsInLog = 0;
		};
		C8B3A827C9A991B8E074E5FA /* [CP] Check Pods Manifest.lock */ = {
			isa = PBXShellScriptBuildPhase;
			buildActionMask = 2147483647;
			files = (
			);
			inputFileListPaths = (
			);
			inputPaths = (
				"${PODS_PODFILE_DIR_PATH}/Podfile.lock",
				"${PODS_ROOT}/Manifest.lock",
			);
			name = "[CP] Check Pods Manifest.lock";
			outputFileListPaths = (
			);
			outputPaths = (
				"$(DERIVED_FILE_DIR)/Pods-PokemonApps-checkManifestLockResult.txt",
			);
			runOnlyForDeploymentPostprocessing = 0;
			shellPath = /bin/sh;
			shellScript = "diff \"${PODS_PODFILE_DIR_PATH}/Podfile.lock\" \"${PODS_ROOT}/Manifest.lock\" > /dev/null\nif [ $? != 0 ] ; then\n    # print error to STDERR\n    echo \"error: The sandbox is not in sync with the Podfile.lock. Run 'pod install' or update your CocoaPods installation.\" >&2\n    exit 1\nfi\n# This output is used by Xcode 'outputs' to avoid re-running this script phase.\necho \"SUCCESS\" > \"${SCRIPT_OUTPUT_FILE_0}\"\n";
			showEnvVarsInLog = 0;
		};
/* End PBXShellScriptBuildPhase section */

/* Begin PBXSourcesBuildPhase section */
		7D31F1AD2E4089C5007D4155 /* Sources */ = {
			isa = PBXSourcesBuildPhase;
			buildActionMask = 2147483647;
			files = (
				7D31F2072E408F89007D4155 /* AuthPageViewController.swift in Sources */,
				7D2E82C22E41E3D80096070B /* TabbarVc.swift in Sources */,
				7D2E82BD2E41E1130096070B /* RegisterVc.swift in Sources */,
			);
			runOnlyForDeploymentPostprocessing = 0;
		};
/* End PBXSourcesBuildPhase section */

/* Begin XCBuildConfiguration section */
		7D31F1C52E4089CA007D4155 /* Debug */ = {
			isa = XCBuildConfiguration;
			baseConfigurationReference = 0C3770030DBFF11083E66B25 /* Pods-PokemonApps.debug.xcconfig */;
			buildSettings = {
				ASSETCATALOG_COMPILER_APPICON_NAME = AppIcon;
				ASSETCATALOG_COMPILER_GLOBAL_ACCENT_COLOR_NAME = AccentColor;
				CODE_SIGN_STYLE = Automatic;
				CURRENT_PROJECT_VERSION = 1;
				DEVELOPMENT_TEAM = D3AB7Z9945;
				ENABLE_APP_SANDBOX = NO;
				ENABLE_USER_SCRIPT_SANDBOXING = NO;
				GENERATE_INFOPLIST_FILE = YES;
				INFOPLIST_FILE = PokemonApps/Info.plist;
				INFOPLIST_KEY_UIApplicationSupportsIndirectInputEvents = YES;
				INFOPLIST_KEY_UILaunchStoryboardName = LaunchScreen;
				INFOPLIST_KEY_UIMainStoryboardFile = Main;
				INFOPLIST_KEY_UISupportedInterfaceOrientations_iPad = "UIInterfaceOrientationPortrait UIInterfaceOrientationPortraitUpsideDown UIInterfaceOrientationLandscapeLeft UIInterfaceOrientationLandscapeRight";
				INFOPLIST_KEY_UISupportedInterfaceOrientations_iPhone = "UIInterfaceOrientationPortrait UIInterfaceOrientationLandscapeLeft UIInterfaceOrientationLandscapeRight";
				IPHONEOS_DEPLOYMENT_TARGET = 17.6;
				LD_RUNPATH_SEARCH_PATHS = (
					"$(inherited)",
					"@executable_path/Frameworks",
				);
				MARKETING_VERSION = 1.0;
				PRODUCT_BUNDLE_IDENTIFIER = yanda.PokemonApps;
				PRODUCT_NAME = "$(TARGET_NAME)";
				SWIFT_EMIT_LOC_STRINGS = YES;
				SWIFT_VERSION = 5.0;
				TARGETED_DEVICE_FAMILY = "1,2";
			};
			name = Debug;
		};
		7D31F1C62E4089CA007D4155 /* Release */ = {
			isa = XCBuildConfiguration;
			baseConfigurationReference = E3C7D2044C9F955E87031EDA /* Pods-PokemonApps.release.xcconfig */;
			buildSettings = {
				ASSETCATALOG_COMPILER_APPICON_NAME = AppIcon;
				ASSETCATALOG_COMPILER_GLOBAL_ACCENT_COLOR_NAME = AccentColor;
				CODE_SIGN_STYLE = Automatic;
				CURRENT_PROJECT_VERSION = 1;
				DEVELOPMENT_TEAM = D3AB7Z9945;
				ENABLE_APP_SANDBOX = NO;
				ENABLE_USER_SCRIPT_SANDBOXING = NO;
				GENERATE_INFOPLIST_FILE = YES;
				INFOPLIST_FILE = PokemonApps/Info.plist;
				INFOPLIST_KEY_UIApplicationSupportsIndirectInputEvents = YES;
				INFOPLIST_KEY_UILaunchStoryboardName = LaunchScreen;
				INFOPLIST_KEY_UIMainStoryboardFile = Main;
				INFOPLIST_KEY_UISupportedInterfaceOrientations_iPad = "UIInterfaceOrientationPortrait UIInterfaceOrientationPortraitUpsideDown UIInterfaceOrientationLandscapeLeft UIInterfaceOrientationLandscapeRight";
				INFOPLIST_KEY_UISupportedInterfaceOrientations_iPhone = "UIInterfaceOrientationPortrait UIInterfaceOrientationLandscapeLeft UIInterfaceOrientationLandscapeRight";
				IPHONEOS_DEPLOYMENT_TARGET = 17.6;
				LD_RUNPATH_SEARCH_PATHS = (
					"$(inherited)",
					"@executable_path/Frameworks",
				);
				MARKETING_VERSION = 1.0;
				PRODUCT_BUNDLE_IDENTIFIER = yanda.PokemonApps;
				PRODUCT_NAME = "$(TARGET_NAME)";
				SWIFT_EMIT_LOC_STRINGS = YES;
				SWIFT_VERSION = 5.0;
				TARGETED_DEVICE_FAMILY = "1,2";
			};
			name = Release;
		};
		7D31F1C72E4089CA007D4155 /* Debug */ = {
			isa = XCBuildConfiguration;
			buildSettings = {
				ALWAYS_SEARCH_USER_PATHS = NO;
				ASSETCATALOG_COMPILER_GENERATE_SWIFT_ASSET_SYMBOL_EXTENSIONS = YES;
				CLANG_ANALYZER_NONNULL = YES;
				CLANG_ANALYZER_NUMBER_OBJECT_CONVERSION = YES_AGGRESSIVE;
				CLANG_CXX_LANGUAGE_STANDARD = "gnu++20";
				CLANG_ENABLE_MODULES = YES;
				CLANG_ENABLE_OBJC_ARC = YES;
				CLANG_ENABLE_OBJC_WEAK = YES;
				CLANG_WARN_BLOCK_CAPTURE_AUTORELEASING = YES;
				CLANG_WARN_BOOL_CONVERSION = YES;
				CLANG_WARN_COMMA = YES;
				CLANG_WARN_CONSTANT_CONVERSION = YES;
				CLANG_WARN_DEPRECATED_OBJC_IMPLEMENTATIONS = YES;
				CLANG_WARN_DIRECT_OBJC_ISA_USAGE = YES_ERROR;
				CLANG_WARN_DOCUMENTATION_COMMENTS = YES;
				CLANG_WARN_EMPTY_BODY = YES;
				CLANG_WARN_ENUM_CONVERSION = YES;
				CLANG_WARN_INFINITE_RECURSION = YES;
				CLANG_WARN_INT_CONVERSION = YES;
				CLANG_WARN_NON_LITERAL_NULL_CONVERSION = YES;
				CLANG_WARN_OBJC_IMPLICIT_RETAIN_SELF = YES;
				CLANG_WARN_OBJC_LITERAL_CONVERSION = YES;
				CLANG_WARN_OBJC_ROOT_CLASS = YES_ERROR;
				CLANG_WARN_QUOTED_INCLUDE_IN_FRAMEWORK_HEADER = YES;
				CLANG_WARN_RANGE_LOOP_ANALYSIS = YES;
				CLANG_WARN_STRICT_PROTOTYPES = YES;
				CLANG_WARN_SUSPICIOUS_MOVE = YES;
				CLANG_WARN_UNGUARDED_AVAILABILITY = YES_AGGRESSIVE;
				CLANG_WARN_UNREACHABLE_CODE = YES;
				CLANG_WARN__DUPLICATE_METHOD_MATCH = YES;
				COPY_PHASE_STRIP = NO;
				DEBUG_INFORMATION_FORMAT = dwarf;
				ENABLE_STRICT_OBJC_MSGSEND = YES;
				ENABLE_TESTABILITY = YES;
				ENABLE_USER_SCRIPT_SANDBOXING = YES;
				GCC_C_LANGUAGE_STANDARD = gnu17;
				GCC_DYNAMIC_NO_PIC = NO;
				GCC_NO_COMMON_BLOCKS = YES;
				GCC_OPTIMIZATION_LEVEL = 0;
				GCC_PREPROCESSOR_DEFINITIONS = (
					"DEBUG=1",
					"$(inherited)",
				);
				GCC_WARN_64_TO_32_BIT_CONVERSION = YES;
				GCC_WARN_ABOUT_RETURN_TYPE = YES_ERROR;
				GCC_WARN_UNDECLARED_SELECTOR = YES;
				GCC_WARN_UNINITIALIZED_AUTOS = YES_AGGRESSIVE;
				GCC_WARN_UNUSED_FUNCTION = YES;
				GCC_WARN_UNUSED_VARIABLE = YES;
				IPHONEOS_DEPLOYMENT_TARGET = 18.2;
				LOCALIZATION_PREFERS_STRING_CATALOGS = YES;
				MTL_ENABLE_DEBUG_INFO = INCLUDE_SOURCE;
				MTL_FAST_MATH = YES;
				ONLY_ACTIVE_ARCH = YES;
				SDKROOT = iphoneos;
				SWIFT_ACTIVE_COMPILATION_CONDITIONS = "DEBUG $(inherited)";
				SWIFT_OPTIMIZATION_LEVEL = "-Onone";
			};
			name = Debug;
		};
		7D31F1C82E4089CA007D4155 /* Release */ = {
			isa = XCBuildConfiguration;
			buildSettings = {
				ALWAYS_SEARCH_USER_PATHS = NO;
				ASSETCATALOG_COMPILER_GENERATE_SWIFT_ASSET_SYMBOL_EXTENSIONS = YES;
				CLANG_ANALYZER_NONNULL = YES;
				CLANG_ANALYZER_NUMBER_OBJECT_CONVERSION = YES_AGGRESSIVE;
				CLANG_CXX_LANGUAGE_STANDARD = "gnu++20";
				CLANG_ENABLE_MODULES = YES;
				CLANG_ENABLE_OBJC_ARC = YES;
				CLANG_ENABLE_OBJC_WEAK = YES;
				CLANG_WARN_BLOCK_CAPTURE_AUTORELEASING = YES;
				CLANG_WARN_BOOL_CONVERSION = YES;
				CLANG_WARN_COMMA = YES;
				CLANG_WARN_CONSTANT_CONVERSION = YES;
				CLANG_WARN_DEPRECATED_OBJC_IMPLEMENTATIONS = YES;
				CLANG_WARN_DIRECT_OBJC_ISA_USAGE = YES_ERROR;
				CLANG_WARN_DOCUMENTATION_COMMENTS = YES;
				CLANG_WARN_EMPTY_BODY = YES;
				CLANG_WARN_ENUM_CONVERSION = YES;
				CLANG_WARN_INFINITE_RECURSION = YES;
				CLANG_WARN_INT_CONVERSION = YES;
				CLANG_WARN_NON_LITERAL_NULL_CONVERSION = YES;
				CLANG_WARN_OBJC_IMPLICIT_RETAIN_SELF = YES;
				CLANG_WARN_OBJC_LITERAL_CONVERSION = YES;
				CLANG_WARN_OBJC_ROOT_CLASS = YES_ERROR;
				CLANG_WARN_QUOTED_INCLUDE_IN_FRAMEWORK_HEADER = YES;
				CLANG_WARN_RANGE_LOOP_ANALYSIS = YES;
				CLANG_WARN_STRICT_PROTOTYPES = YES;
				CLANG_WARN_SUSPICIOUS_MOVE = YES;
				CLANG_WARN_UNGUARDED_AVAILABILITY = YES_AGGRESSIVE;
				CLANG_WARN_UNREACHABLE_CODE = YES;
				CLANG_WARN__DUPLICATE_METHOD_MATCH = YES;
				COPY_PHASE_STRIP = NO;
				DEBUG_INFORMATION_FORMAT = "dwarf-with-dsym";
				ENABLE_NS_ASSERTIONS = NO;
				ENABLE_STRICT_OBJC_MSGSEND = YES;
				ENABLE_USER_SCRIPT_SANDBOXING = YES;
				GCC_C_LANGUAGE_STANDARD = gnu17;
				GCC_NO_COMMON_BLOCKS = YES;
				GCC_WARN_64_TO_32_BIT_CONVERSION = YES;
				GCC_WARN_ABOUT_RETURN_TYPE = YES_ERROR;
				GCC_WARN_UNDECLARED_SELECTOR = YES;
				GCC_WARN_UNINITIALIZED_AUTOS = YES_AGGRESSIVE;
				GCC_WARN_UNUSED_FUNCTION = YES;
				GCC_WARN_UNUSED_VARIABLE = YES;
				IPHONEOS_DEPLOYMENT_TARGET = 18.2;
				LOCALIZATION_PREFERS_STRING_CATALOGS = YES;
				MTL_ENABLE_DEBUG_INFO = NO;
				MTL_FAST_MATH = YES;
				SDKROOT = iphoneos;
				SWIFT_COMPILATION_MODE = wholemodule;
				VALIDATE_PRODUCT = YES;
			};
			name = Release;
		};
/* End XCBuildConfiguration section */

/* Begin XCConfigurationList section */
		7D31F1AC2E4089C5007D4155 /* Build configuration list for PBXProject "PokemonApps" */ = {
			isa = XCConfigurationList;
			buildConfigurations = (
				7D31F1C72E4089CA007D4155 /* Debug */,
				7D31F1C82E4089CA007D4155 /* Release */,
			);
			defaultConfigurationIsVisible = 0;
			defaultConfigurationName = Release;
		};
		7D31F1C42E4089CA007D4155 /* Build configuration list for PBXNativeTarget "PokemonApps" */ = {
			isa = XCConfigurationList;
			buildConfigurations = (
				7D31F1C52E4089CA007D4155 /* Debug */,
				7D31F1C62E4089CA007D4155 /* Release */,
			);
			defaultConfigurationIsVisible = 0;
			defaultConfigurationName = Release;
		};
/* End XCConfigurationList section */
	};
	rootObject = 7D31F1A92E4089C5007D4155 /* Project object */;
}
